{
  "originHash" : "110baa1ead3b0e5faefcc83f3e3528041b120cc36b69873b45af83c0e98ba7f1",
  "pins" : [
    {
      "identity" : "ansiterminalmodified",
      "kind" : "remoteSourceControl",
      "location" : "https://github.com/nikolainobadi/ANSITerminalModified",
      "state" : {
        "revision" : "fd1443a5369693ddac5c8ef8dc6128af4011ff42",
        "version" : "0.6.0"
      }
    },
    {
      "identity" : "files",
      "kind" : "remoteSourceControl",
      "location" : "https://github.com/JohnSundell/Files",
      "state" : {
        "revision" : "d273b5b7025d386feef79ef6bad7de762e106eaf",
        "version" : "4.2.0"
      }
    },
    {
      "identity" : "nngitkit",
      "kind" : "remoteSourceControl",
      "location" : "https://github.com/nikolainobadi/NnGitKit.git",
      "state" : {
        "revision" : "8311eaa6da2b62672935ec386d67f32d8bf9d1a6",
        "version" : "0.6.1"
      }
    },
    {
      "identity" : "nnshellkit",
      "kind" : "remoteSourceControl",
      "location" : "https://github.com/nikolainobadi/NnShellKit.git",
      "state" : {
        "revision" : "632eb565f22f94303fbb2fa613422626d4d5fc98",
        "version" : "2.1.0"
      }
    },
    {
      "identity" : "nnswiftdatakit",
      "kind" : "remoteSourceControl",
      "location" : "https://github.com/nikolainobadi/NnSwiftDataKit.git",
      "state" : {
        "revision" : "bc2aac114b8c708ef9446f2aa77e4c74014ff4ad",
        "version" : "0.5.0"
      }
    },
    {
      "identity" : "swift-argument-parser",
      "kind" : "remoteSourceControl",
      "location" : "https://github.com/apple/swift-argument-parser.git",
      "state" : {
        "revision" : "41982a3656a71c768319979febd796c6fd111d5c",
        "version" : "1.5.0"
      }
    },
    {
      "identity" : "swiftpickerkit",
      "kind" : "remoteSourceControl",
      "location" : "https://github.com/nikolainobadi/SwiftPickerKit.git",
      "state" : {
        "revision" : "aad25168e13c27c67f5d73f8e9bb217ce208aae5",
        "version" : "0.6.0"
      }
    }
  ],
  "version" : 3
}
