{
  "originHash" : "6adac6bbe701c9453af5962ba76687a0f958827c00999040f81e180706fe69eb",
  "pins" : [
    {
      "identity" : "ansiterminalmodified",
      "kind" : "remoteSourceControl",
      "location" : "https://github.com/nikolainobadi/ANSITerminalModified",
      "state" : {
        "revision" : "fd1443a5369693ddac5c8ef8dc6128af4011ff42",
        "version" : "0.6.0"
      }
    },
    {
      "identity" : "files",
      "kind" : "remoteSourceControl",
      "location" : "https://github.com/JohnSundell/Files",
      "state" : {
        "revision" : "d273b5b7025d386feef79ef6bad7de762e106eaf",
        "version" : "4.2.0"
      }
    },
    {
      "identity" : "nnswiftdatakit",
      "kind" : "remoteSourceControl",
      "location" : "https://github.com/nikolainobadi/NnSwiftDataKit.git",
      "state" : {
        "branch" : "main",
        "revision" : "bc2aac114b8c708ef9446f2aa77e4c74014ff4ad"
      }
    },
    {
      "identity" : "swift-argument-parser",
      "kind" : "remoteSourceControl",
      "location" : "https://github.com/apple/swift-argument-parser.git",
      "state" : {
        "revision" : "41982a3656a71c768319979febd796c6fd111d5c",
        "version" : "1.5.0"
      }
    },
    {
      "identity" : "swiftpicker",
      "kind" : "remoteSourceControl",
      "location" : "https://github.com/nikolainobadi/SwiftPicker.git",
      "state" : {
        "branch" : "picker-protocol",
        "revision" : "05002d39eb6e49313a254a5e5136b73e14ea57c6"
      }
    },
    {
      "identity" : "swiftshell",
      "kind" : "remoteSourceControl",
      "location" : "https://github.com/kareman/SwiftShell",
      "state" : {
        "revision" : "99680b2efc7c7dbcace1da0b3979d266f02e213c",
        "version" : "5.1.0"
      }
    }
  ],
  "version" : 3
}
